
Microsoft Visual Studio Solution File, Format Version 12.00
# Visual Studio Version 17
VisualStudioVersion = 17.13.35931.197 d17.13
MinimumVisualStudioVersion = 10.0.40219.1
Project("{FAE04EC0-301F-11D3-BF4B-00C04F79EFBC}") = "MauiTest", "MauiTest\MauiTest.csproj", "{548505CA-02F1-41DC-A931-FE9F711D98D7}"
EndProject
Global
	GlobalSection(SolutionConfigurationPlatforms) = preSolution
		Debug|Any CPU = Debug|Any CPU
		Release|Any CPU = Release|Any CPU
	EndGlobalSection
	GlobalSection(ProjectConfigurationPlatforms) = postSolution
		{548505CA-02F1-41DC-A931-FE9F711D98D7}.Debug|Any CPU.ActiveCfg = Debug|Any CPU
		{548505CA-02F1-41DC-A931-FE9F711D98D7}.Debug|Any CPU.Build.0 = Debug|Any CPU
		{548505CA-02F1-41DC-A931-FE9F711D98D7}.Release|Any CPU.ActiveCfg = Release|Any CPU
		{548505CA-02F1-41DC-A931-FE9F711D98D7}.Release|Any CPU.Build.0 = Release|Any CPU
	EndGlobalSection
	GlobalSection(SolutionProperties) = preSolution
		HideSolutionNode = FALSE
	EndGlobalSection
	GlobalSection(ExtensibilityGlobals) = postSolution
		SolutionGuid = {A6C39CEC-FB33-4F69-B6B7-920C5BDECE9C}
	EndGlobalSection
EndGlobal
